# This file is automatically @generated by Cargo.
# It is not intended for manual editing.
version = 3

[[package]]
name = "minihub-adapter-http-axum"
version = "0.1.0"
dependencies = [
 "minihub-app",
 "minihub-domain",
]

[[package]]
name = "minihub-adapter-mqtt"
version = "0.1.0"
dependencies = [
 "minihub-app",
 "minihub-domain",
]

[[package]]
name = "minihub-adapter-storage-sqlite-sqlx"
version = "0.1.0"
dependencies = [
 "minihub-app",
 "minihub-domain",
]

[[package]]
name = "minihub-app"
version = "0.1.0"
dependencies = [
 "minihub-domain",
]

[[package]]
name = "minihub-domain"
version = "0.1.0"

[[package]]
name = "minihubd"
version = "0.1.0"
dependencies = [
 "minihub-adapter-http-axum",
 "minihub-adapter-storage-sqlite-sqlx",
 "minihub-app",
 "minihub-domain",
]
